
Microsoft Visual Studio Solution File, Format Version 12.00
# Visual Studio Version 17
VisualStudioVersion = 17.12.35514.174
MinimumVisualStudioVersion = 10.0.40219.1
Project("{FAE04EC0-301F-11D3-BF4B-00C04F79EFBC}") = "DropFlow.Api", "backend\DropFlow.Api\DropFlow.Api.csproj", "{1246C08F-1547-480C-B9DD-52396AADB75A}"
EndProject
Project("{FAE04EC0-301F-11D3-BF4B-00C04F79EFBC}") = "DropFlow.Domain", "backend\DropFlow.Domain\DropFlow.Domain.csproj", "{6B4501EE-CDAA-4026-8D26-692B431489F8}"
EndProject
Project("{FAE04EC0-301F-11D3-BF4B-00C04F79EFBC}") = "DropFlow.Application", "backend\DropFlow.Application\DropFlow.Application.csproj", "{AFE7512F-9E54-43AD-ABA6-89A3F1ADFC8C}"
EndProject
Project("{FAE04EC0-301F-11D3-BF4B-00C04F79EFBC}") = "DropFlow.Infrastructure", "backend\DropFlow.Infrastructure\DropFlow.Infrastructure.csproj", "{0A2F9869-9A5B-4025-BDC8-B3F82203E4CE}"
EndProject
Project("{FAE04EC0-301F-11D3-BF4B-00C04F79EFBC}") = "DropFlow.WebApp", "frontend\DropFlow.WebApp\DropFlow.WebApp.csproj", "{34F28EEB-C21B-4008-B7A0-6F257169C4F0}"
EndProject
Project("{FAE04EC0-301F-11D3-BF4B-00C04F79EFBC}") = "DropFlow.Shared", "shared\DropFlow.Shared\DropFlow.Shared.csproj", "{C55A241E-7ADA-4574-B8F4-80D4652818CD}"
EndProject
Project("{FAE04EC0-301F-11D3-BF4B-00C04F79EFBC}") = "DropFlow.Mobile", "mobile\DropFlow.Mobile\DropFlow.Mobile.csproj", "{18D4F0BB-A40D-4782-9559-D0834AA1B4AF}"
EndProject
Project("{2150E333-8FDC-42A3-9474-1A3956D46DE8}") = "Backend", "Backend", "{58327085-3D5B-4C3A-93BE-B07C4438C4DB}"
EndProject
Project("{2150E333-8FDC-42A3-9474-1A3956D46DE8}") = "FrontEnd", "FrontEnd", "{CE8A0D30-A6FA-402E-8428-46A74A2B1545}"
EndProject
Project("{2150E333-8FDC-42A3-9474-1A3956D46DE8}") = "Mobile", "Mobile", "{D00FD5D4-A5A1-4078-8FD3-8FDF83A804CC}"
EndProject
Project("{2150E333-8FDC-42A3-9474-1A3956D46DE8}") = "Shared", "Shared", "{33DC33AF-BC28-411B-B5BD-BD9F17976F92}"
EndProject
Global
	GlobalSection(SolutionConfigurationPlatforms) = preSolution
		Debug|Any CPU = Debug|Any CPU
		Debug|x64 = Debug|x64
		Debug|x86 = Debug|x86
		Release|Any CPU = Release|Any CPU
		Release|x64 = Release|x64
		Release|x86 = Release|x86
	EndGlobalSection
	GlobalSection(ProjectConfigurationPlatforms) = postSolution
		{1246C08F-1547-480C-B9DD-52396AADB75A}.Debug|Any CPU.ActiveCfg = Debug|Any CPU
		{1246C08F-1547-480C-B9DD-52396AADB75A}.Debug|Any CPU.Build.0 = Debug|Any CPU
		{1246C08F-1547-480C-B9DD-52396AADB75A}.Debug|x64.ActiveCfg = Debug|Any CPU
		{1246C08F-1547-480C-B9DD-52396AADB75A}.Debug|x64.Build.0 = Debug|Any CPU
		{1246C08F-1547-480C-B9DD-52396AADB75A}.Debug|x86.ActiveCfg = Debug|Any CPU
		{1246C08F-1547-480C-B9DD-52396AADB75A}.Debug|x86.Build.0 = Debug|Any CPU
		{1246C08F-1547-480C-B9DD-52396AADB75A}.Release|Any CPU.ActiveCfg = Release|Any CPU
		{1246C08F-1547-480C-B9DD-52396AADB75A}.Release|Any CPU.Build.0 = Release|Any CPU
		{1246C08F-1547-480C-B9DD-52396AADB75A}.Release|x64.ActiveCfg = Release|Any CPU
		{1246C08F-1547-480C-B9DD-52396AADB75A}.Release|x64.Build.0 = Release|Any CPU
		{1246C08F-1547-480C-B9DD-52396AADB75A}.Release|x86.ActiveCfg = Release|Any CPU
		{1246C08F-1547-480C-B9DD-52396AADB75A}.Release|x86.Build.0 = Release|Any CPU
		{6B4501EE-CDAA-4026-8D26-692B431489F8}.Debug|Any CPU.ActiveCfg = Debug|Any CPU
		{6B4501EE-CDAA-4026-8D26-692B431489F8}.Debug|Any CPU.Build.0 = Debug|Any CPU
		{6B4501EE-CDAA-4026-8D26-692B431489F8}.Debug|x64.ActiveCfg = Debug|Any CPU
		{6B4501EE-CDAA-4026-8D26-692B431489F8}.Debug|x64.Build.0 = Debug|Any CPU
		{6B4501EE-CDAA-4026-8D26-692B431489F8}.Debug|x86.ActiveCfg = Debug|Any CPU
		{6B4501EE-CDAA-4026-8D26-692B431489F8}.Debug|x86.Build.0 = Debug|Any CPU
		{6B4501EE-CDAA-4026-8D26-692B431489F8}.Release|Any CPU.ActiveCfg = Release|Any CPU
		{6B4501EE-CDAA-4026-8D26-692B431489F8}.Release|Any CPU.Build.0 = Release|Any CPU
		{6B4501EE-CDAA-4026-8D26-692B431489F8}.Release|x64.ActiveCfg = Release|Any CPU
		{6B4501EE-CDAA-4026-8D26-692B431489F8}.Release|x64.Build.0 = Release|Any CPU
		{6B4501EE-CDAA-4026-8D26-692B431489F8}.Release|x86.ActiveCfg = Release|Any CPU
		{6B4501EE-CDAA-4026-8D26-692B431489F8}.Release|x86.Build.0 = Release|Any CPU
		{AFE7512F-9E54-43AD-ABA6-89A3F1ADFC8C}.Debug|Any CPU.ActiveCfg = Debug|Any CPU
		{AFE7512F-9E54-43AD-ABA6-89A3F1ADFC8C}.Debug|Any CPU.Build.0 = Debug|Any CPU
		{AFE7512F-9E54-43AD-ABA6-89A3F1ADFC8C}.Debug|x64.ActiveCfg = Debug|Any CPU
		{AFE7512F-9E54-43AD-ABA6-89A3F1ADFC8C}.Debug|x64.Build.0 = Debug|Any CPU
		{AFE7512F-9E54-43AD-ABA6-89A3F1ADFC8C}.Debug|x86.ActiveCfg = Debug|Any CPU
		{AFE7512F-9E54-43AD-ABA6-89A3F1ADFC8C}.Debug|x86.Build.0 = Debug|Any CPU
		{AFE7512F-9E54-43AD-ABA6-89A3F1ADFC8C}.Release|Any CPU.ActiveCfg = Release|Any CPU
		{AFE7512F-9E54-43AD-ABA6-89A3F1ADFC8C}.Release|Any CPU.Build.0 = Release|Any CPU
		{AFE7512F-9E54-43AD-ABA6-89A3F1ADFC8C}.Release|x64.ActiveCfg = Release|Any CPU
		{AFE7512F-9E54-43AD-ABA6-89A3F1ADFC8C}.Release|x64.Build.0 = Release|Any CPU
		{AFE7512F-9E54-43AD-ABA6-89A3F1ADFC8C}.Release|x86.ActiveCfg = Release|Any CPU
		{AFE7512F-9E54-43AD-ABA6-89A3F1ADFC8C}.Release|x86.Build.0 = Release|Any CPU
		{0A2F9869-9A5B-4025-BDC8-B3F82203E4CE}.Debug|Any CPU.ActiveCfg = Debug|Any CPU
		{0A2F9869-9A5B-4025-BDC8-B3F82203E4CE}.Debug|Any CPU.Build.0 = Debug|Any CPU
		{0A2F9869-9A5B-4025-BDC8-B3F82203E4CE}.Debug|x64.ActiveCfg = Debug|Any CPU
		{0A2F9869-9A5B-4025-BDC8-B3F82203E4CE}.Debug|x64.Build.0 = Debug|Any CPU
		{0A2F9869-9A5B-4025-BDC8-B3F82203E4CE}.Debug|x86.ActiveCfg = Debug|Any CPU
		{0A2F9869-9A5B-4025-BDC8-B3F82203E4CE}.Debug|x86.Build.0 = Debug|Any CPU
		{0A2F9869-9A5B-4025-BDC8-B3F82203E4CE}.Release|Any CPU.ActiveCfg = Release|Any CPU
		{0A2F9869-9A5B-4025-BDC8-B3F82203E4CE}.Release|Any CPU.Build.0 = Release|Any CPU
		{0A2F9869-9A5B-4025-BDC8-B3F82203E4CE}.Release|x64.ActiveCfg = Release|Any CPU
		{0A2F9869-9A5B-4025-BDC8-B3F82203E4CE}.Release|x64.Build.0 = Release|Any CPU
		{0A2F9869-9A5B-4025-BDC8-B3F82203E4CE}.Release|x86.ActiveCfg = Release|Any CPU
		{0A2F9869-9A5B-4025-BDC8-B3F82203E4CE}.Release|x86.Build.0 = Release|Any CPU
		{34F28EEB-C21B-4008-B7A0-6F257169C4F0}.Debug|Any CPU.ActiveCfg = Debug|Any CPU
		{34F28EEB-C21B-4008-B7A0-6F257169C4F0}.Debug|Any CPU.Build.0 = Debug|Any CPU
		{34F28EEB-C21B-4008-B7A0-6F257169C4F0}.Debug|x64.ActiveCfg = Debug|Any CPU
		{34F28EEB-C21B-4008-B7A0-6F257169C4F0}.Debug|x64.Build.0 = Debug|Any CPU
		{34F28EEB-C21B-4008-B7A0-6F257169C4F0}.Debug|x86.ActiveCfg = Debug|Any CPU
		{34F28EEB-C21B-4008-B7A0-6F257169C4F0}.Debug|x86.Build.0 = Debug|Any CPU
		{34F28EEB-C21B-4008-B7A0-6F257169C4F0}.Release|Any CPU.ActiveCfg = Release|Any CPU
		{34F28EEB-C21B-4008-B7A0-6F257169C4F0}.Release|Any CPU.Build.0 = Release|Any CPU
		{34F28EEB-C21B-4008-B7A0-6F257169C4F0}.Release|x64.ActiveCfg = Release|Any CPU
		{34F28EEB-C21B-4008-B7A0-6F257169C4F0}.Release|x64.Build.0 = Release|Any CPU
		{34F28EEB-C21B-4008-B7A0-6F257169C4F0}.Release|x86.ActiveCfg = Release|Any CPU
		{34F28EEB-C21B-4008-B7A0-6F257169C4F0}.Release|x86.Build.0 = Release|Any CPU
		{C55A241E-7ADA-4574-B8F4-80D4652818CD}.Debug|Any CPU.ActiveCfg = Debug|Any CPU
		{C55A241E-7ADA-4574-B8F4-80D4652818CD}.Debug|Any CPU.Build.0 = Debug|Any CPU
		{C55A241E-7ADA-4574-B8F4-80D4652818CD}.Debug|x64.ActiveCfg = Debug|Any CPU
		{C55A241E-7ADA-4574-B8F4-80D4652818CD}.Debug|x64.Build.0 = Debug|Any CPU
		{C55A241E-7ADA-4574-B8F4-80D4652818CD}.Debug|x86.ActiveCfg = Debug|Any CPU
		{C55A241E-7ADA-4574-B8F4-80D4652818CD}.Debug|x86.Build.0 = Debug|Any CPU
		{C55A241E-7ADA-4574-B8F4-80D4652818CD}.Release|Any CPU.ActiveCfg = Release|Any CPU
		{C55A241E-7ADA-4574-B8F4-80D4652818CD}.Release|Any CPU.Build.0 = Release|Any CPU
		{C55A241E-7ADA-4574-B8F4-80D4652818CD}.Release|x64.ActiveCfg = Release|Any CPU
		{C55A241E-7ADA-4574-B8F4-80D4652818CD}.Release|x64.Build.0 = Release|Any CPU
		{C55A241E-7ADA-4574-B8F4-80D4652818CD}.Release|x86.ActiveCfg = Release|Any CPU
		{C55A241E-7ADA-4574-B8F4-80D4652818CD}.Release|x86.Build.0 = Release|Any CPU
		{18D4F0BB-A40D-4782-9559-D0834AA1B4AF}.Debug|Any CPU.ActiveCfg = Debug|Any CPU
		{18D4F0BB-A40D-4782-9559-D0834AA1B4AF}.Debug|Any CPU.Build.0 = Debug|Any CPU
		{18D4F0BB-A40D-4782-9559-D0834AA1B4AF}.Debug|x64.ActiveCfg = Debug|Any CPU
		{18D4F0BB-A40D-4782-9559-D0834AA1B4AF}.Debug|x64.Build.0 = Debug|Any CPU
		{18D4F0BB-A40D-4782-9559-D0834AA1B4AF}.Debug|x86.ActiveCfg = Debug|Any CPU
		{18D4F0BB-A40D-4782-9559-D0834AA1B4AF}.Debug|x86.Build.0 = Debug|Any CPU
		{18D4F0BB-A40D-4782-9559-D0834AA1B4AF}.Release|Any CPU.ActiveCfg = Release|Any CPU
		{18D4F0BB-A40D-4782-9559-D0834AA1B4AF}.Release|Any CPU.Build.0 = Release|Any CPU
		{18D4F0BB-A40D-4782-9559-D0834AA1B4AF}.Release|x64.ActiveCfg = Release|Any CPU
		{18D4F0BB-A40D-4782-9559-D0834AA1B4AF}.Release|x64.Build.0 = Release|Any CPU
		{18D4F0BB-A40D-4782-9559-D0834AA1B4AF}.Release|x86.ActiveCfg = Release|Any CPU
		{18D4F0BB-A40D-4782-9559-D0834AA1B4AF}.Release|x86.Build.0 = Release|Any CPU
	EndGlobalSection
	GlobalSection(SolutionProperties) = preSolution
		HideSolutionNode = FALSE
	EndGlobalSection
	GlobalSection(NestedProjects) = preSolution
		{1246C08F-1547-480C-B9DD-52396AADB75A} = {58327085-3D5B-4C3A-93BE-B07C4438C4DB}
		{AFE7512F-9E54-43AD-ABA6-89A3F1ADFC8C} = {58327085-3D5B-4C3A-93BE-B07C4438C4DB}
		{6B4501EE-CDAA-4026-8D26-692B431489F8} = {58327085-3D5B-4C3A-93BE-B07C4438C4DB}
		{0A2F9869-9A5B-4025-BDC8-B3F82203E4CE} = {58327085-3D5B-4C3A-93BE-B07C4438C4DB}
		{18D4F0BB-A40D-4782-9559-D0834AA1B4AF} = {D00FD5D4-A5A1-4078-8FD3-8FDF83A804CC}
		{C55A241E-7ADA-4574-B8F4-80D4652818CD} = {33DC33AF-BC28-411B-B5BD-BD9F17976F92}
		{34F28EEB-C21B-4008-B7A0-6F257169C4F0} = {CE8A0D30-A6FA-402E-8428-46A74A2B1545}
	EndGlobalSection
EndGlobal
